
Microsoft Visual Studio Solution File, Format Version 12.00
# Visual Studio Version 17
VisualStudioVersion = 17.6.33723.286
MinimumVisualStudioVersion = 10.0.40219.1
Project("{FAE04EC0-301F-11D3-BF4B-00C04F79EFBC}") = "Teste_Aptidao_UGB", "Teste_Aptidao_UGB\Teste_Aptidao_UGB.csproj", "{8FC3A796-2F36-45DF-A2BF-2D3B53939FEA}"
EndProject
Project("{FAE04EC0-301F-11D3-BF4B-00C04F79EFBC}") = "Teste_Aptidao_UGB.Model", "Teste_Aptidao_UGB.Model\Teste_Aptidao_UGB.Model.csproj", "{0C716321-2A24-409E-860F-1FD5229BBC1B}"
EndProject
Global
	GlobalSection(SolutionConfigurationPlatforms) = preSolution
		Debug|Any CPU = Debug|Any CPU
		Release|Any CPU = Release|Any CPU
	EndGlobalSection
	GlobalSection(ProjectConfigurationPlatforms) = postSolution
		{8FC3A796-2F36-45DF-A2BF-2D3B53939FEA}.Debug|Any CPU.ActiveCfg = Debug|Any CPU
		{8FC3A796-2F36-45DF-A2BF-2D3B53939FEA}.Debug|Any CPU.Build.0 = Debug|Any CPU
		{8FC3A796-2F36-45DF-A2BF-2D3B53939FEA}.Release|Any CPU.ActiveCfg = Release|Any CPU
		{8FC3A796-2F36-45DF-A2BF-2D3B53939FEA}.Release|Any CPU.Build.0 = Release|Any CPU
		{0C716321-2A24-409E-860F-1FD5229BBC1B}.Debug|Any CPU.ActiveCfg = Debug|Any CPU
		{0C716321-2A24-409E-860F-1FD5229BBC1B}.Debug|Any CPU.Build.0 = Debug|Any CPU
		{0C716321-2A24-409E-860F-1FD5229BBC1B}.Release|Any CPU.ActiveCfg = Release|Any CPU
		{0C716321-2A24-409E-860F-1FD5229BBC1B}.Release|Any CPU.Build.0 = Release|Any CPU
	EndGlobalSection
	GlobalSection(SolutionProperties) = preSolution
		HideSolutionNode = FALSE
	EndGlobalSection
	GlobalSection(ExtensibilityGlobals) = postSolution
		SolutionGuid = {142E1AC9-5A4B-4D90-9EB5-1077628A11CC}
	EndGlobalSection
EndGlobal
